
Microsoft Visual Studio Solution File, Format Version 12.00
# Visual Studio Version 17
VisualStudioVersion = 17.14.36408.4
MinimumVisualStudioVersion = 10.0.40219.1
Project("{FAE04EC0-301F-11D3-BF4B-00C04F79EFBC}") = "XbrlSupportBot", "XbrlSupportBot.csproj", "{71AC5A24-5E83-4749-BFD4-6702CA7F12F6}"
EndProject
Project("{FAE04EC0-301F-11D3-BF4B-00C04F79EFBC}") = "JiraExtractor", "..\JiraRcaExtractor\JiraExtractor.csproj", "{670234C2-38D6-42BA-A263-918AAC7A86BF}"
EndProject
Global
	GlobalSection(SolutionConfigurationPlatforms) = preSolution
		Debug|Any CPU = Debug|Any CPU
		Release|Any CPU = Release|Any CPU
	EndGlobalSection
	GlobalSection(ProjectConfigurationPlatforms) = postSolution
		{71AC5A24-5E83-4749-BFD4-6702CA7F12F6}.Debug|Any CPU.ActiveCfg = Debug|Any CPU
		{71AC5A24-5E83-4749-BFD4-6702CA7F12F6}.Debug|Any CPU.Build.0 = Debug|Any CPU
		{71AC5A24-5E83-4749-BFD4-6702CA7F12F6}.Release|Any CPU.ActiveCfg = Release|Any CPU
		{71AC5A24-5E83-4749-BFD4-6702CA7F12F6}.Release|Any CPU.Build.0 = Release|Any CPU
		{670234C2-38D6-42BA-A263-918AAC7A86BF}.Debug|Any CPU.ActiveCfg = Debug|Any CPU
		{670234C2-38D6-42BA-A263-918AAC7A86BF}.Debug|Any CPU.Build.0 = Debug|Any CPU
		{670234C2-38D6-42BA-A263-918AAC7A86BF}.Release|Any CPU.ActiveCfg = Release|Any CPU
		{670234C2-38D6-42BA-A263-918AAC7A86BF}.Release|Any CPU.Build.0 = Release|Any CPU
	EndGlobalSection
	GlobalSection(SolutionProperties) = preSolution
		HideSolutionNode = FALSE
	EndGlobalSection
	GlobalSection(ExtensibilityGlobals) = postSolution
		SolutionGuid = {8E5D0C52-AE94-4044-A959-742A2DB6601A}
	EndGlobalSection
EndGlobal
